
Microsoft Visual Studio Solution File, Format Version 12.00
# Visual Studio 14
VisualStudioVersion = 14.0.25420.1
MinimumVisualStudioVersion = 10.0.40219.1
Project("{FAE04EC0-301F-11D3-BF4B-00C04F79EFBC}") = "Common", "Common\Common.csproj", "{16D38AA5-EB8B-45CF-96F8-915D4BA27FF7}"
EndProject
Project("{FAE04EC0-301F-11D3-BF4B-00C04F79EFBC}") = "Data", "Data\Data.csproj", "{6848C76E-8699-44DC-A1C9-5EAF19C1AEAB}"
EndProject
Project("{FAE04EC0-301F-11D3-BF4B-00C04F79EFBC}") = "Model", "Model\Model.csproj", "{7F5C9D8E-379B-4549-B123-44D206721F3A}"
EndProject
Project("{FAE04EC0-301F-11D3-BF4B-00C04F79EFBC}") = "Service", "Service\Service.csproj", "{16174902-D569-4AC7-86B6-7E3CE5629C2F}"
EndProject
Project("{FAE04EC0-301F-11D3-BF4B-00C04F79EFBC}") = "UnitTest", "UnitTest\UnitTest.csproj", "{35A3304C-6DAB-40CD-A1D2-AFD192681BAB}"
EndProject
Project("{FAE04EC0-301F-11D3-BF4B-00C04F79EFBC}") = "Web", "Web\Web.csproj", "{4A226D45-C192-4AC7-972E-19AAEFEA4F36}"
EndProject
Global
	GlobalSection(SolutionConfigurationPlatforms) = preSolution
		Debug|Any CPU = Debug|Any CPU
		Debug|ARM = Debug|ARM
		Debug|x64 = Debug|x64
		Debug|x86 = Debug|x86
		Release|Any CPU = Release|Any CPU
		Release|ARM = Release|ARM
		Release|x64 = Release|x64
		Release|x86 = Release|x86
	EndGlobalSection
	GlobalSection(ProjectConfigurationPlatforms) = postSolution
		{16D38AA5-EB8B-45CF-96F8-915D4BA27FF7}.Debug|Any CPU.ActiveCfg = Debug|Any CPU
		{16D38AA5-EB8B-45CF-96F8-915D4BA27FF7}.Debug|Any CPU.Build.0 = Debug|Any CPU
		{16D38AA5-EB8B-45CF-96F8-915D4BA27FF7}.Debug|ARM.ActiveCfg = Debug|Any CPU
		{16D38AA5-EB8B-45CF-96F8-915D4BA27FF7}.Debug|ARM.Build.0 = Debug|Any CPU
		{16D38AA5-EB8B-45CF-96F8-915D4BA27FF7}.Debug|x64.ActiveCfg = Debug|Any CPU
		{16D38AA5-EB8B-45CF-96F8-915D4BA27FF7}.Debug|x64.Build.0 = Debug|Any CPU
		{16D38AA5-EB8B-45CF-96F8-915D4BA27FF7}.Debug|x86.ActiveCfg = Debug|Any CPU
		{16D38AA5-EB8B-45CF-96F8-915D4BA27FF7}.Debug|x86.Build.0 = Debug|Any CPU
		{16D38AA5-EB8B-45CF-96F8-915D4BA27FF7}.Release|Any CPU.ActiveCfg = Release|Any CPU
		{16D38AA5-EB8B-45CF-96F8-915D4BA27FF7}.Release|Any CPU.Build.0 = Release|Any CPU
		{16D38AA5-EB8B-45CF-96F8-915D4BA27FF7}.Release|ARM.ActiveCfg = Release|Any CPU
		{16D38AA5-EB8B-45CF-96F8-915D4BA27FF7}.Release|ARM.Build.0 = Release|Any CPU
		{16D38AA5-EB8B-45CF-96F8-915D4BA27FF7}.Release|x64.ActiveCfg = Release|Any CPU
		{16D38AA5-EB8B-45CF-96F8-915D4BA27FF7}.Release|x64.Build.0 = Release|Any CPU
		{16D38AA5-EB8B-45CF-96F8-915D4BA27FF7}.Release|x86.ActiveCfg = Release|Any CPU
		{16D38AA5-EB8B-45CF-96F8-915D4BA27FF7}.Release|x86.Build.0 = Release|Any CPU
		{6848C76E-8699-44DC-A1C9-5EAF19C1AEAB}.Debug|Any CPU.ActiveCfg = Debug|Any CPU
		{6848C76E-8699-44DC-A1C9-5EAF19C1AEAB}.Debug|Any CPU.Build.0 = Debug|Any CPU
		{6848C76E-8699-44DC-A1C9-5EAF19C1AEAB}.Debug|ARM.ActiveCfg = Debug|Any CPU
		{6848C76E-8699-44DC-A1C9-5EAF19C1AEAB}.Debug|ARM.Build.0 = Debug|Any CPU
		{6848C76E-8699-44DC-A1C9-5EAF19C1AEAB}.Debug|x64.ActiveCfg = Debug|Any CPU
		{6848C76E-8699-44DC-A1C9-5EAF19C1AEAB}.Debug|x64.Build.0 = Debug|Any CPU
		{6848C76E-8699-44DC-A1C9-5EAF19C1AEAB}.Debug|x86.ActiveCfg = Debug|Any CPU
		{6848C76E-8699-44DC-A1C9-5EAF19C1AEAB}.Debug|x86.Build.0 = Debug|Any CPU
		{6848C76E-8699-44DC-A1C9-5EAF19C1AEAB}.Release|Any CPU.ActiveCfg = Release|Any CPU
		{6848C76E-8699-44DC-A1C9-5EAF19C1AEAB}.Release|Any CPU.Build.0 = Release|Any CPU
		{6848C76E-8699-44DC-A1C9-5EAF19C1AEAB}.Release|ARM.ActiveCfg = Release|Any CPU
		{6848C76E-8699-44DC-A1C9-5EAF19C1AEAB}.Release|ARM.Build.0 = Release|Any CPU
		{6848C76E-8699-44DC-A1C9-5EAF19C1AEAB}.Release|x64.ActiveCfg = Release|Any CPU
		{6848C76E-8699-44DC-A1C9-5EAF19C1AEAB}.Release|x64.Build.0 = Release|Any CPU
		{6848C76E-8699-44DC-A1C9-5EAF19C1AEAB}.Release|x86.ActiveCfg = Release|Any CPU
		{6848C76E-8699-44DC-A1C9-5EAF19C1AEAB}.Release|x86.Build.0 = Release|Any CPU
		{7F5C9D8E-379B-4549-B123-44D206721F3A}.Debug|Any CPU.ActiveCfg = Debug|Any CPU
		{7F5C9D8E-379B-4549-B123-44D206721F3A}.Debug|Any CPU.Build.0 = Debug|Any CPU
		{7F5C9D8E-379B-4549-B123-44D206721F3A}.Debug|ARM.ActiveCfg = Debug|Any CPU
		{7F5C9D8E-379B-4549-B123-44D206721F3A}.Debug|ARM.Build.0 = Debug|Any CPU
		{7F5C9D8E-379B-4549-B123-44D206721F3A}.Debug|x64.ActiveCfg = Debug|Any CPU
		{7F5C9D8E-379B-4549-B123-44D206721F3A}.Debug|x64.Build.0 = Debug|Any CPU
		{7F5C9D8E-379B-4549-B123-44D206721F3A}.Debug|x86.ActiveCfg = Debug|Any CPU
		{7F5C9D8E-379B-4549-B123-44D206721F3A}.Debug|x86.Build.0 = Debug|Any CPU
		{7F5C9D8E-379B-4549-B123-44D206721F3A}.Release|Any CPU.ActiveCfg = Release|Any CPU
		{7F5C9D8E-379B-4549-B123-44D206721F3A}.Release|Any CPU.Build.0 = Release|Any CPU
		{7F5C9D8E-379B-4549-B123-44D206721F3A}.Release|ARM.ActiveCfg = Release|Any CPU
		{7F5C9D8E-379B-4549-B123-44D206721F3A}.Release|ARM.Build.0 = Release|Any CPU
		{7F5C9D8E-379B-4549-B123-44D206721F3A}.Release|x64.ActiveCfg = Release|Any CPU
		{7F5C9D8E-379B-4549-B123-44D206721F3A}.Release|x64.Build.0 = Release|Any CPU
		{7F5C9D8E-379B-4549-B123-44D206721F3A}.Release|x86.ActiveCfg = Release|Any CPU
		{7F5C9D8E-379B-4549-B123-44D206721F3A}.Release|x86.Build.0 = Release|Any CPU
		{16174902-D569-4AC7-86B6-7E3CE5629C2F}.Debug|Any CPU.ActiveCfg = Debug|Any CPU
		{16174902-D569-4AC7-86B6-7E3CE5629C2F}.Debug|Any CPU.Build.0 = Debug|Any CPU
		{16174902-D569-4AC7-86B6-7E3CE5629C2F}.Debug|ARM.ActiveCfg = Debug|Any CPU
		{16174902-D569-4AC7-86B6-7E3CE5629C2F}.Debug|ARM.Build.0 = Debug|Any CPU
		{16174902-D569-4AC7-86B6-7E3CE5629C2F}.Debug|x64.ActiveCfg = Debug|Any CPU
		{16174902-D569-4AC7-86B6-7E3CE5629C2F}.Debug|x64.Build.0 = Debug|Any CPU
		{16174902-D569-4AC7-86B6-7E3CE5629C2F}.Debug|x86.ActiveCfg = Debug|Any CPU
		{16174902-D569-4AC7-86B6-7E3CE5629C2F}.Debug|x86.Build.0 = Debug|Any CPU
		{16174902-D569-4AC7-86B6-7E3CE5629C2F}.Release|Any CPU.ActiveCfg = Release|Any CPU
		{16174902-D569-4AC7-86B6-7E3CE5629C2F}.Release|Any CPU.Build.0 = Release|Any CPU
		{16174902-D569-4AC7-86B6-7E3CE5629C2F}.Release|ARM.ActiveCfg = Release|Any CPU
		{16174902-D569-4AC7-86B6-7E3CE5629C2F}.Release|ARM.Build.0 = Release|Any CPU
		{16174902-D569-4AC7-86B6-7E3CE5629C2F}.Release|x64.ActiveCfg = Release|Any CPU
		{16174902-D569-4AC7-86B6-7E3CE5629C2F}.Release|x64.Build.0 = Release|Any CPU
		{16174902-D569-4AC7-86B6-7E3CE5629C2F}.Release|x86.ActiveCfg = Release|Any CPU
		{16174902-D569-4AC7-86B6-7E3CE5629C2F}.Release|x86.Build.0 = Release|Any CPU
		{35A3304C-6DAB-40CD-A1D2-AFD192681BAB}.Debug|Any CPU.ActiveCfg = Debug|Any CPU
		{35A3304C-6DAB-40CD-A1D2-AFD192681BAB}.Debug|Any CPU.Build.0 = Debug|Any CPU
		{35A3304C-6DAB-40CD-A1D2-AFD192681BAB}.Debug|ARM.ActiveCfg = Debug|Any CPU
		{35A3304C-6DAB-40CD-A1D2-AFD192681BAB}.Debug|ARM.Build.0 = Debug|Any CPU
		{35A3304C-6DAB-40CD-A1D2-AFD192681BAB}.Debug|x64.ActiveCfg = Debug|Any CPU
		{35A3304C-6DAB-40CD-A1D2-AFD192681BAB}.Debug|x64.Build.0 = Debug|Any CPU
		{35A3304C-6DAB-40CD-A1D2-AFD192681BAB}.Debug|x86.ActiveCfg = Debug|Any CPU
		{35A3304C-6DAB-40CD-A1D2-AFD192681BAB}.Debug|x86.Build.0 = Debug|Any CPU
		{35A3304C-6DAB-40CD-A1D2-AFD192681BAB}.Release|Any CPU.ActiveCfg = Release|Any CPU
		{35A3304C-6DAB-40CD-A1D2-AFD192681BAB}.Release|Any CPU.Build.0 = Release|Any CPU
		{35A3304C-6DAB-40CD-A1D2-AFD192681BAB}.Release|ARM.ActiveCfg = Release|Any CPU
		{35A3304C-6DAB-40CD-A1D2-AFD192681BAB}.Release|ARM.Build.0 = Release|Any CPU
		{35A3304C-6DAB-40CD-A1D2-AFD192681BAB}.Release|x64.ActiveCfg = Release|Any CPU
		{35A3304C-6DAB-40CD-A1D2-AFD192681BAB}.Release|x64.Build.0 = Release|Any CPU
		{35A3304C-6DAB-40CD-A1D2-AFD192681BAB}.Release|x86.ActiveCfg = Release|Any CPU
		{35A3304C-6DAB-40CD-A1D2-AFD192681BAB}.Release|x86.Build.0 = Release|Any CPU
		{4A226D45-C192-4AC7-972E-19AAEFEA4F36}.Debug|Any CPU.ActiveCfg = Debug|Any CPU
		{4A226D45-C192-4AC7-972E-19AAEFEA4F36}.Debug|Any CPU.Build.0 = Debug|Any CPU
		{4A226D45-C192-4AC7-972E-19AAEFEA4F36}.Debug|ARM.ActiveCfg = Debug|Any CPU
		{4A226D45-C192-4AC7-972E-19AAEFEA4F36}.Debug|ARM.Build.0 = Debug|Any CPU
		{4A226D45-C192-4AC7-972E-19AAEFEA4F36}.Debug|x64.ActiveCfg = Debug|Any CPU
		{4A226D45-C192-4AC7-972E-19AAEFEA4F36}.Debug|x64.Build.0 = Debug|Any CPU
		{4A226D45-C192-4AC7-972E-19AAEFEA4F36}.Debug|x86.ActiveCfg = Debug|Any CPU
		{4A226D45-C192-4AC7-972E-19AAEFEA4F36}.Debug|x86.Build.0 = Debug|Any CPU
		{4A226D45-C192-4AC7-972E-19AAEFEA4F36}.Release|Any CPU.ActiveCfg = Release|Any CPU
		{4A226D45-C192-4AC7-972E-19AAEFEA4F36}.Release|Any CPU.Build.0 = Release|Any CPU
		{4A226D45-C192-4AC7-972E-19AAEFEA4F36}.Release|ARM.ActiveCfg = Release|Any CPU
		{4A226D45-C192-4AC7-972E-19AAEFEA4F36}.Release|ARM.Build.0 = Release|Any CPU
		{4A226D45-C192-4AC7-972E-19AAEFEA4F36}.Release|x64.ActiveCfg = Release|Any CPU
		{4A226D45-C192-4AC7-972E-19AAEFEA4F36}.Release|x64.Build.0 = Release|Any CPU
		{4A226D45-C192-4AC7-972E-19AAEFEA4F36}.Release|x86.ActiveCfg = Release|Any CPU
		{4A226D45-C192-4AC7-972E-19AAEFEA4F36}.Release|x86.Build.0 = Release|Any CPU
	EndGlobalSection
	GlobalSection(SolutionProperties) = preSolution
		HideSolutionNode = FALSE
	EndGlobalSection
EndGlobal
